
Microsoft Visual Studio Solution File, Format Version 12.00
# Visual Studio Version 16
VisualStudioVersion = 16.0.31019.35
MinimumVisualStudioVersion = 10.0.40219.1
Project("{9A19103F-16F7-4668-BE54-9A1E7A4F7556}") = "ProtonTestCase", "ProtonTestCase\ProtonTestCase.csproj", "{866D3BA9-E178-4EB1-80E3-445D3CAD8D33}"
EndProject
Project("{FAE04EC0-301F-11D3-BF4B-00C04F79EFBC}") = "GRPCServer", "GRPCServer\GRPCServer.csproj", "{C4C158F9-C76E-4EA3-AB08-DA9A52EFE579}"
EndProject
Project("{FAE04EC0-301F-11D3-BF4B-00C04F79EFBC}") = "GRPCServer.Services", "GRPCServer.Services\GRPCServer.Services.csproj", "{FF88D160-BBCA-4EB4-9701-524FCADA9628}"
EndProject
Global
	GlobalSection(SolutionConfigurationPlatforms) = preSolution
		Debug|Any CPU = Debug|Any CPU
		Release|Any CPU = Release|Any CPU
	EndGlobalSection
	GlobalSection(ProjectConfigurationPlatforms) = postSolution
		{866D3BA9-E178-4EB1-80E3-445D3CAD8D33}.Debug|Any CPU.ActiveCfg = Debug|Any CPU
		{866D3BA9-E178-4EB1-80E3-445D3CAD8D33}.Debug|Any CPU.Build.0 = Debug|Any CPU
		{866D3BA9-E178-4EB1-80E3-445D3CAD8D33}.Release|Any CPU.ActiveCfg = Release|Any CPU
		{866D3BA9-E178-4EB1-80E3-445D3CAD8D33}.Release|Any CPU.Build.0 = Release|Any CPU
		{C4C158F9-C76E-4EA3-AB08-DA9A52EFE579}.Debug|Any CPU.ActiveCfg = Debug|Any CPU
		{C4C158F9-C76E-4EA3-AB08-DA9A52EFE579}.Debug|Any CPU.Build.0 = Debug|Any CPU
		{C4C158F9-C76E-4EA3-AB08-DA9A52EFE579}.Release|Any CPU.ActiveCfg = Release|Any CPU
		{C4C158F9-C76E-4EA3-AB08-DA9A52EFE579}.Release|Any CPU.Build.0 = Release|Any CPU
		{FF88D160-BBCA-4EB4-9701-524FCADA9628}.Debug|Any CPU.ActiveCfg = Debug|Any CPU
		{FF88D160-BBCA-4EB4-9701-524FCADA9628}.Debug|Any CPU.Build.0 = Debug|Any CPU
		{FF88D160-BBCA-4EB4-9701-524FCADA9628}.Release|Any CPU.ActiveCfg = Release|Any CPU
		{FF88D160-BBCA-4EB4-9701-524FCADA9628}.Release|Any CPU.Build.0 = Release|Any CPU
	EndGlobalSection
	GlobalSection(SolutionProperties) = preSolution
		HideSolutionNode = FALSE
	EndGlobalSection
	GlobalSection(ExtensibilityGlobals) = postSolution
		SolutionGuid = {2D99B0FB-44BF-4518-8670-9B97B35CBF24}
	EndGlobalSection
EndGlobal
